PODS:
  - cupertino_http (0.0.1):
    - Flutter
    - FlutterMacOS
  - Flutter (1.0.0)
  - os_media_controls (0.0.1):
    - Flutter
  - universal_gamepad (0.1.0):
    - Flutter

DEPENDENCIES:
  - cupertino_http (from `.symlinks/plugins/cupertino_http/darwin`)
  - Flutter (from `Flutter`)
  - os_media_controls (from `.symlinks/plugins/os_media_controls/ios`)
  - universal_gamepad (from `.symlinks/plugins/universal_gamepad/ios`)

EXTERNAL SOURCES:
  cupertino_http:
    :path: ".symlinks/plugins/cupertino_http/darwin"
  Flutter:
    :path: Flutter
  os_media_controls:
    :path: ".symlinks/plugins/os_media_controls/ios"
  universal_gamepad:
    :path: ".symlinks/plugins/universal_gamepad/ios"

SPEC CHECKSUMS:
  cupertino_http: 947a233f40cfea55167a49f2facc18434ea117ba
  Flutter: cabc95a1d2626b1b06e7179b784ebcf0c0cde467
  os_media_controls: a2fe5d5f9c5959b56aa37e626ee5eda2f4298933
  universal_gamepad: 2efe48e665e84f0bf6dffcbe79732f385f413d2d

PODFILE CHECKSUM: 16bb7f67e16d8aaa2bfb97666803fbfb291b6559

COCOAPODS: 1.16.2
